
Microsoft Visual Studio Solution File, Format Version 12.00
# Visual Studio Version 17
VisualStudioVersion = 17.5.33530.505
MinimumVisualStudioVersion = 10.0.40219.1
Project("{FAE04EC0-301F-11D3-BF4B-00C04F79EFBC}") = "Digital_D_test", "Digital_D_test\Digital_D_test.csproj", "{149D7B59-DCFD-4341-89F2-87897219BDE9}"
EndProject
Global
	GlobalSection(SolutionConfigurationPlatforms) = preSolution
		Debug|Any CPU = Debug|Any CPU
		Release|Any CPU = Release|Any CPU
	EndGlobalSection
	GlobalSection(ProjectConfigurationPlatforms) = postSolution
		{149D7B59-DCFD-4341-89F2-87897219BDE9}.Debug|Any CPU.ActiveCfg = Debug|Any CPU
		{149D7B59-DCFD-4341-89F2-87897219BDE9}.Debug|Any CPU.Build.0 = Debug|Any CPU
		{149D7B59-DCFD-4341-89F2-87897219BDE9}.Release|Any CPU.ActiveCfg = Release|Any CPU
		{149D7B59-DCFD-4341-89F2-87897219BDE9}.Release|Any CPU.Build.0 = Release|Any CPU
	EndGlobalSection
	GlobalSection(SolutionProperties) = preSolution
		HideSolutionNode = FALSE
	EndGlobalSection
	GlobalSection(ExtensibilityGlobals) = postSolution
		SolutionGuid = {114CE0FC-DA07-41FB-80C3-FFEEC2415D88}
	EndGlobalSection
EndGlobal
